
Microsoft Visual Studio Solution File, Format Version 12.00
# Visual Studio 15
VisualStudioVersion = 15.0.26124.0
MinimumVisualStudioVersion = 15.0.26124.0
Project("{FAE04EC0-301F-11D3-BF4B-00C04F79EFBC}") = "RemindMe.Api", "RemindMe.Api\RemindMe.Api.csproj", "{69E6B698-ED02-4147-AF07-6AA0D5D9A3A9}"
EndProject
Project("{FAE04EC0-301F-11D3-BF4B-00C04F79EFBC}") = "RemindMe.Adapters", "RemindMe.Adapters\RemindMe.Adapters.csproj", "{0A41F231-B94B-415F-A295-0510BB1364CE}"
EndProject
Project("{FAE04EC0-301F-11D3-BF4B-00C04F79EFBC}") = "RemindMe.Models", "RemindMe.Models\RemindMe.Models.csproj", "{75811C80-ECB7-475E-9F1E-D9421577E6AA}"
EndProject
Project("{2150E333-8FDC-42A3-9474-1A3956D46DE8}") = "Log4Npg", "Log4Npg", "{2C7915CB-B29A-4723-BC4E-83A1545ED169}"
EndProject
Project("{FAE04EC0-301F-11D3-BF4B-00C04F79EFBC}") = "Log4Npg.Logging", "Log4Npg\Log4Npg.Logging\Log4Npg.Logging.csproj", "{032AE77B-FD16-4411-9D8A-591F42DA1617}"
EndProject
Project("{FAE04EC0-301F-11D3-BF4B-00C04F79EFBC}") = "Log4Npg.Models", "Log4Npg\Log4Npg.Models\Log4Npg.Models.csproj", "{135B844E-F539-4108-B832-3BE57D2216D9}"
EndProject
Project("{FAE04EC0-301F-11D3-BF4B-00C04F79EFBC}") = "Log4Npg.Tests", "Log4Npg\Log4Npg.Tests\Log4Npg.Tests.csproj", "{B47C2B69-F903-4B6D-8ECB-ABC3913E330B}"
EndProject
Project("{FAE04EC0-301F-11D3-BF4B-00C04F79EFBC}") = "RemindMe.Tests", "RemindMe.Tests\RemindMe.Tests.csproj", "{FA274303-D6D8-418D-9112-F7D572E97CEE}"
EndProject
Project("{FAE04EC0-301F-11D3-BF4B-00C04F79EFBC}") = "RemindMe.Data", "RemindMe.Data\RemindMe.Data.csproj", "{8FA3FF72-EB98-45C2-91F6-7B5294E73912}"
EndProject
Global
	GlobalSection(SolutionConfigurationPlatforms) = preSolution
		Debug|Any CPU = Debug|Any CPU
		Debug|x64 = Debug|x64
		Debug|x86 = Debug|x86
		Release|Any CPU = Release|Any CPU
		Release|x64 = Release|x64
		Release|x86 = Release|x86
	EndGlobalSection
	GlobalSection(SolutionProperties) = preSolution
		HideSolutionNode = FALSE
	EndGlobalSection
	GlobalSection(ProjectConfigurationPlatforms) = postSolution
		{69E6B698-ED02-4147-AF07-6AA0D5D9A3A9}.Debug|Any CPU.ActiveCfg = Debug|Any CPU
		{69E6B698-ED02-4147-AF07-6AA0D5D9A3A9}.Debug|Any CPU.Build.0 = Debug|Any CPU
		{69E6B698-ED02-4147-AF07-6AA0D5D9A3A9}.Debug|x64.ActiveCfg = Debug|Any CPU
		{69E6B698-ED02-4147-AF07-6AA0D5D9A3A9}.Debug|x64.Build.0 = Debug|Any CPU
		{69E6B698-ED02-4147-AF07-6AA0D5D9A3A9}.Debug|x86.ActiveCfg = Debug|Any CPU
		{69E6B698-ED02-4147-AF07-6AA0D5D9A3A9}.Debug|x86.Build.0 = Debug|Any CPU
		{69E6B698-ED02-4147-AF07-6AA0D5D9A3A9}.Release|Any CPU.ActiveCfg = Release|Any CPU
		{69E6B698-ED02-4147-AF07-6AA0D5D9A3A9}.Release|Any CPU.Build.0 = Release|Any CPU
		{69E6B698-ED02-4147-AF07-6AA0D5D9A3A9}.Release|x64.ActiveCfg = Release|Any CPU
		{69E6B698-ED02-4147-AF07-6AA0D5D9A3A9}.Release|x64.Build.0 = Release|Any CPU
		{69E6B698-ED02-4147-AF07-6AA0D5D9A3A9}.Release|x86.ActiveCfg = Release|Any CPU
		{69E6B698-ED02-4147-AF07-6AA0D5D9A3A9}.Release|x86.Build.0 = Release|Any CPU
		{0A41F231-B94B-415F-A295-0510BB1364CE}.Debug|Any CPU.ActiveCfg = Debug|Any CPU
		{0A41F231-B94B-415F-A295-0510BB1364CE}.Debug|Any CPU.Build.0 = Debug|Any CPU
		{0A41F231-B94B-415F-A295-0510BB1364CE}.Debug|x64.ActiveCfg = Debug|Any CPU
		{0A41F231-B94B-415F-A295-0510BB1364CE}.Debug|x64.Build.0 = Debug|Any CPU
		{0A41F231-B94B-415F-A295-0510BB1364CE}.Debug|x86.ActiveCfg = Debug|Any CPU
		{0A41F231-B94B-415F-A295-0510BB1364CE}.Debug|x86.Build.0 = Debug|Any CPU
		{0A41F231-B94B-415F-A295-0510BB1364CE}.Release|Any CPU.ActiveCfg = Release|Any CPU
		{0A41F231-B94B-415F-A295-0510BB1364CE}.Release|Any CPU.Build.0 = Release|Any CPU
		{0A41F231-B94B-415F-A295-0510BB1364CE}.Release|x64.ActiveCfg = Release|Any CPU
		{0A41F231-B94B-415F-A295-0510BB1364CE}.Release|x64.Build.0 = Release|Any CPU
		{0A41F231-B94B-415F-A295-0510BB1364CE}.Release|x86.ActiveCfg = Release|Any CPU
		{0A41F231-B94B-415F-A295-0510BB1364CE}.Release|x86.Build.0 = Release|Any CPU
		{75811C80-ECB7-475E-9F1E-D9421577E6AA}.Debug|Any CPU.ActiveCfg = Debug|Any CPU
		{75811C80-ECB7-475E-9F1E-D9421577E6AA}.Debug|Any CPU.Build.0 = Debug|Any CPU
		{75811C80-ECB7-475E-9F1E-D9421577E6AA}.Debug|x64.ActiveCfg = Debug|Any CPU
		{75811C80-ECB7-475E-9F1E-D9421577E6AA}.Debug|x64.Build.0 = Debug|Any CPU
		{75811C80-ECB7-475E-9F1E-D9421577E6AA}.Debug|x86.ActiveCfg = Debug|Any CPU
		{75811C80-ECB7-475E-9F1E-D9421577E6AA}.Debug|x86.Build.0 = Debug|Any CPU
		{75811C80-ECB7-475E-9F1E-D9421577E6AA}.Release|Any CPU.ActiveCfg = Release|Any CPU
		{75811C80-ECB7-475E-9F1E-D9421577E6AA}.Release|Any CPU.Build.0 = Release|Any CPU
		{75811C80-ECB7-475E-9F1E-D9421577E6AA}.Release|x64.ActiveCfg = Release|Any CPU
		{75811C80-ECB7-475E-9F1E-D9421577E6AA}.Release|x64.Build.0 = Release|Any CPU
		{75811C80-ECB7-475E-9F1E-D9421577E6AA}.Release|x86.ActiveCfg = Release|Any CPU
		{75811C80-ECB7-475E-9F1E-D9421577E6AA}.Release|x86.Build.0 = Release|Any CPU
		{032AE77B-FD16-4411-9D8A-591F42DA1617}.Debug|Any CPU.ActiveCfg = Debug|Any CPU
		{032AE77B-FD16-4411-9D8A-591F42DA1617}.Debug|Any CPU.Build.0 = Debug|Any CPU
		{032AE77B-FD16-4411-9D8A-591F42DA1617}.Debug|x64.ActiveCfg = Debug|Any CPU
		{032AE77B-FD16-4411-9D8A-591F42DA1617}.Debug|x64.Build.0 = Debug|Any CPU
		{032AE77B-FD16-4411-9D8A-591F42DA1617}.Debug|x86.ActiveCfg = Debug|Any CPU
		{032AE77B-FD16-4411-9D8A-591F42DA1617}.Debug|x86.Build.0 = Debug|Any CPU
		{032AE77B-FD16-4411-9D8A-591F42DA1617}.Release|Any CPU.ActiveCfg = Release|Any CPU
		{032AE77B-FD16-4411-9D8A-591F42DA1617}.Release|Any CPU.Build.0 = Release|Any CPU
		{032AE77B-FD16-4411-9D8A-591F42DA1617}.Release|x64.ActiveCfg = Release|Any CPU
		{032AE77B-FD16-4411-9D8A-591F42DA1617}.Release|x64.Build.0 = Release|Any CPU
		{032AE77B-FD16-4411-9D8A-591F42DA1617}.Release|x86.ActiveCfg = Release|Any CPU
		{032AE77B-FD16-4411-9D8A-591F42DA1617}.Release|x86.Build.0 = Release|Any CPU
		{135B844E-F539-4108-B832-3BE57D2216D9}.Debug|Any CPU.ActiveCfg = Debug|Any CPU
		{135B844E-F539-4108-B832-3BE57D2216D9}.Debug|Any CPU.Build.0 = Debug|Any CPU
		{135B844E-F539-4108-B832-3BE57D2216D9}.Debug|x64.ActiveCfg = Debug|Any CPU
		{135B844E-F539-4108-B832-3BE57D2216D9}.Debug|x64.Build.0 = Debug|Any CPU
		{135B844E-F539-4108-B832-3BE57D2216D9}.Debug|x86.ActiveCfg = Debug|Any CPU
		{135B844E-F539-4108-B832-3BE57D2216D9}.Debug|x86.Build.0 = Debug|Any CPU
		{135B844E-F539-4108-B832-3BE57D2216D9}.Release|Any CPU.ActiveCfg = Release|Any CPU
		{135B844E-F539-4108-B832-3BE57D2216D9}.Release|Any CPU.Build.0 = Release|Any CPU
		{135B844E-F539-4108-B832-3BE57D2216D9}.Release|x64.ActiveCfg = Release|Any CPU
		{135B844E-F539-4108-B832-3BE57D2216D9}.Release|x64.Build.0 = Release|Any CPU
		{135B844E-F539-4108-B832-3BE57D2216D9}.Release|x86.ActiveCfg = Release|Any CPU
		{135B844E-F539-4108-B832-3BE57D2216D9}.Release|x86.Build.0 = Release|Any CPU
		{B47C2B69-F903-4B6D-8ECB-ABC3913E330B}.Debug|Any CPU.ActiveCfg = Debug|Any CPU
		{B47C2B69-F903-4B6D-8ECB-ABC3913E330B}.Debug|Any CPU.Build.0 = Debug|Any CPU
		{B47C2B69-F903-4B6D-8ECB-ABC3913E330B}.Debug|x64.ActiveCfg = Debug|Any CPU
		{B47C2B69-F903-4B6D-8ECB-ABC3913E330B}.Debug|x64.Build.0 = Debug|Any CPU
		{B47C2B69-F903-4B6D-8ECB-ABC3913E330B}.Debug|x86.ActiveCfg = Debug|Any CPU
		{B47C2B69-F903-4B6D-8ECB-ABC3913E330B}.Debug|x86.Build.0 = Debug|Any CPU
		{B47C2B69-F903-4B6D-8ECB-ABC3913E330B}.Release|Any CPU.ActiveCfg = Release|Any CPU
		{B47C2B69-F903-4B6D-8ECB-ABC3913E330B}.Release|Any CPU.Build.0 = Release|Any CPU
		{B47C2B69-F903-4B6D-8ECB-ABC3913E330B}.Release|x64.ActiveCfg = Release|Any CPU
		{B47C2B69-F903-4B6D-8ECB-ABC3913E330B}.Release|x64.Build.0 = Release|Any CPU
		{B47C2B69-F903-4B6D-8ECB-ABC3913E330B}.Release|x86.ActiveCfg = Release|Any CPU
		{B47C2B69-F903-4B6D-8ECB-ABC3913E330B}.Release|x86.Build.0 = Release|Any CPU
		{FA274303-D6D8-418D-9112-F7D572E97CEE}.Debug|Any CPU.ActiveCfg = Debug|Any CPU
		{FA274303-D6D8-418D-9112-F7D572E97CEE}.Debug|Any CPU.Build.0 = Debug|Any CPU
		{FA274303-D6D8-418D-9112-F7D572E97CEE}.Debug|x64.ActiveCfg = Debug|Any CPU
		{FA274303-D6D8-418D-9112-F7D572E97CEE}.Debug|x64.Build.0 = Debug|Any CPU
		{FA274303-D6D8-418D-9112-F7D572E97CEE}.Debug|x86.ActiveCfg = Debug|Any CPU
		{FA274303-D6D8-418D-9112-F7D572E97CEE}.Debug|x86.Build.0 = Debug|Any CPU
		{FA274303-D6D8-418D-9112-F7D572E97CEE}.Release|Any CPU.ActiveCfg = Release|Any CPU
		{FA274303-D6D8-418D-9112-F7D572E97CEE}.Release|Any CPU.Build.0 = Release|Any CPU
		{FA274303-D6D8-418D-9112-F7D572E97CEE}.Release|x64.ActiveCfg = Release|Any CPU
		{FA274303-D6D8-418D-9112-F7D572E97CEE}.Release|x64.Build.0 = Release|Any CPU
		{FA274303-D6D8-418D-9112-F7D572E97CEE}.Release|x86.ActiveCfg = Release|Any CPU
		{FA274303-D6D8-418D-9112-F7D572E97CEE}.Release|x86.Build.0 = Release|Any CPU
		{8FA3FF72-EB98-45C2-91F6-7B5294E73912}.Debug|Any CPU.ActiveCfg = Debug|Any CPU
		{8FA3FF72-EB98-45C2-91F6-7B5294E73912}.Debug|Any CPU.Build.0 = Debug|Any CPU
		{8FA3FF72-EB98-45C2-91F6-7B5294E73912}.Debug|x64.ActiveCfg = Debug|Any CPU
		{8FA3FF72-EB98-45C2-91F6-7B5294E73912}.Debug|x64.Build.0 = Debug|Any CPU
		{8FA3FF72-EB98-45C2-91F6-7B5294E73912}.Debug|x86.ActiveCfg = Debug|Any CPU
		{8FA3FF72-EB98-45C2-91F6-7B5294E73912}.Debug|x86.Build.0 = Debug|Any CPU
		{8FA3FF72-EB98-45C2-91F6-7B5294E73912}.Release|Any CPU.ActiveCfg = Release|Any CPU
		{8FA3FF72-EB98-45C2-91F6-7B5294E73912}.Release|Any CPU.Build.0 = Release|Any CPU
		{8FA3FF72-EB98-45C2-91F6-7B5294E73912}.Release|x64.ActiveCfg = Release|Any CPU
		{8FA3FF72-EB98-45C2-91F6-7B5294E73912}.Release|x64.Build.0 = Release|Any CPU
		{8FA3FF72-EB98-45C2-91F6-7B5294E73912}.Release|x86.ActiveCfg = Release|Any CPU
		{8FA3FF72-EB98-45C2-91F6-7B5294E73912}.Release|x86.Build.0 = Release|Any CPU
	EndGlobalSection
	GlobalSection(NestedProjects) = preSolution
		{032AE77B-FD16-4411-9D8A-591F42DA1617} = {2C7915CB-B29A-4723-BC4E-83A1545ED169}
		{135B844E-F539-4108-B832-3BE57D2216D9} = {2C7915CB-B29A-4723-BC4E-83A1545ED169}
		{B47C2B69-F903-4B6D-8ECB-ABC3913E330B} = {2C7915CB-B29A-4723-BC4E-83A1545ED169}
	EndGlobalSection
EndGlobal
